
Microsoft Visual Studio Solution File, Format Version 12.00
# Visual Studio 15
VisualStudioVersion = 15.0.27428.2027
MinimumVisualStudioVersion = 10.0.40219.1
Project("{8BC9CEB8-8B4A-11D0-8D11-00A0C91BC942}") = "foo_dsp_dmo", "foo_dsp_dmo.vcxproj", "{B622CFC3-DA57-4E88-8DBF-2A1CFC8B76C7}"
EndProject
Project("{8BC9CEB8-8B4A-11D0-8D11-00A0C91BC942}") = "foobar2000_SDK", "..\SDK\foobar2000_SDK.vcxproj", "{E8091321-D79D-4575-86EF-064EA1A4A20D}"
EndProject
Project("{8BC9CEB8-8B4A-11D0-8D11-00A0C91BC942}") = "foobar2000_ATL_helpers", "..\ATLHelpers\foobar2000_ATL_helpers.vcxproj", "{622E8B19-8109-4717-BD4D-9657AA78363E}"
EndProject
Project("{8BC9CEB8-8B4A-11D0-8D11-00A0C91BC942}") = "foobar2000_sdk_helpers", "..\helpers\foobar2000_sdk_helpers.vcxproj", "{EE47764E-A202-4F85-A767-ABDAB4AFF35F}"
EndProject
Project("{8BC9CEB8-8B4A-11D0-8D11-00A0C91BC942}") = "pfc", "..\..\pfc\pfc.vcxproj", "{EBFFFB4E-261D-44D3-B89C-957B31A0BF9C}"
EndProject
Global
	GlobalSection(SolutionConfigurationPlatforms) = preSolution
		Debug|x86 = Debug|x86
		Release|x86 = Release|x86
		Template|x86 = Template|x86
	EndGlobalSection
	GlobalSection(ProjectConfigurationPlatforms) = postSolution
		{B622CFC3-DA57-4E88-8DBF-2A1CFC8B76C7}.Debug|x86.ActiveCfg = Debug|Win32
		{B622CFC3-DA57-4E88-8DBF-2A1CFC8B76C7}.Debug|x86.Build.0 = Debug|Win32
		{B622CFC3-DA57-4E88-8DBF-2A1CFC8B76C7}.Release|x86.ActiveCfg = Release|Win32
		{B622CFC3-DA57-4E88-8DBF-2A1CFC8B76C7}.Release|x86.Build.0 = Release|Win32
		{B622CFC3-DA57-4E88-8DBF-2A1CFC8B76C7}.Template|x86.ActiveCfg = Template|Win32
		{B622CFC3-DA57-4E88-8DBF-2A1CFC8B76C7}.Template|x86.Build.0 = Template|Win32
		{E8091321-D79D-4575-86EF-064EA1A4A20D}.Debug|x86.ActiveCfg = Debug|Win32
		{E8091321-D79D-4575-86EF-064EA1A4A20D}.Debug|x86.Build.0 = Debug|Win32
		{E8091321-D79D-4575-86EF-064EA1A4A20D}.Release|x86.ActiveCfg = Release|Win32
		{E8091321-D79D-4575-86EF-064EA1A4A20D}.Release|x86.Build.0 = Release|Win32
		{E8091321-D79D-4575-86EF-064EA1A4A20D}.Template|x86.ActiveCfg = Release|Win32
		{E8091321-D79D-4575-86EF-064EA1A4A20D}.Template|x86.Build.0 = Release|Win32
		{622E8B19-8109-4717-BD4D-9657AA78363E}.Debug|x86.ActiveCfg = Debug|Win32
		{622E8B19-8109-4717-BD4D-9657AA78363E}.Debug|x86.Build.0 = Debug|Win32
		{622E8B19-8109-4717-BD4D-9657AA78363E}.Release|x86.ActiveCfg = Release|Win32
		{622E8B19-8109-4717-BD4D-9657AA78363E}.Release|x86.Build.0 = Release|Win32
		{622E8B19-8109-4717-BD4D-9657AA78363E}.Template|x86.ActiveCfg = Release|Win32
		{622E8B19-8109-4717-BD4D-9657AA78363E}.Template|x86.Build.0 = Release|Win32
		{EE47764E-A202-4F85-A767-ABDAB4AFF35F}.Debug|x86.ActiveCfg = Debug|Win32
		{EE47764E-A202-4F85-A767-ABDAB4AFF35F}.Debug|x86.Build.0 = Debug|Win32
		{EE47764E-A202-4F85-A767-ABDAB4AFF35F}.Release|x86.ActiveCfg = Release|Win32
		{EE47764E-A202-4F85-A767-ABDAB4AFF35F}.Release|x86.Build.0 = Release|Win32
		{EE47764E-A202-4F85-A767-ABDAB4AFF35F}.Template|x86.ActiveCfg = Release|Win32
		{EE47764E-A202-4F85-A767-ABDAB4AFF35F}.Template|x86.Build.0 = Release|Win32
		{EBFFFB4E-261D-44D3-B89C-957B31A0BF9C}.Debug|x86.ActiveCfg = Debug|Win32
		{EBFFFB4E-261D-44D3-B89C-957B31A0BF9C}.Debug|x86.Build.0 = Debug|Win32
		{EBFFFB4E-261D-44D3-B89C-957B31A0BF9C}.Release|x86.ActiveCfg = Release|Win32
		{EBFFFB4E-261D-44D3-B89C-957B31A0BF9C}.Release|x86.Build.0 = Release|Win32
		{EBFFFB4E-261D-44D3-B89C-957B31A0BF9C}.Template|x86.ActiveCfg = Release|Win32
		{EBFFFB4E-261D-44D3-B89C-957B31A0BF9C}.Template|x86.Build.0 = Release|Win32
	EndGlobalSection
	GlobalSection(SolutionProperties) = preSolution
		HideSolutionNode = FALSE
	EndGlobalSection
	GlobalSection(ExtensibilityGlobals) = postSolution
		SolutionGuid = {F0DAAE26-100F-47DA-BC8E-1DE99280DCFF}
	EndGlobalSection
EndGlobal
